
Microsoft Visual Studio Solution File, Format Version 12.00
# Visual Studio Version 16
VisualStudioVersion = 16.0.30711.63
MinimumVisualStudioVersion = 10.0.40219.1
Project("{FAE04EC0-301F-11D3-BF4B-00C04F79EFBC}") = "Part1", "Part1\Part1.csproj", "{22BB3D1C-1932-4CE5-86EF-D03B376963CE}"
EndProject
Global
	GlobalSection(SolutionConfigurationPlatforms) = preSolution
		Debug|Any CPU = Debug|Any CPU
		Release|Any CPU = Release|Any CPU
	EndGlobalSection
	GlobalSection(ProjectConfigurationPlatforms) = postSolution
		{22BB3D1C-1932-4CE5-86EF-D03B376963CE}.Debug|Any CPU.ActiveCfg = Debug|Any CPU
		{22BB3D1C-1932-4CE5-86EF-D03B376963CE}.Debug|Any CPU.Build.0 = Debug|Any CPU
		{22BB3D1C-1932-4CE5-86EF-D03B376963CE}.Release|Any CPU.ActiveCfg = Release|Any CPU
		{22BB3D1C-1932-4CE5-86EF-D03B376963CE}.Release|Any CPU.Build.0 = Release|Any CPU
	EndGlobalSection
	GlobalSection(SolutionProperties) = preSolution
		HideSolutionNode = FALSE
	EndGlobalSection
	GlobalSection(ExtensibilityGlobals) = postSolution
		SolutionGuid = {FFEDEC0A-AA20-4B5F-BD53-D22410C9F15B}
	EndGlobalSection
EndGlobal
